dependencies:
- name: kube-state-metrics
  repository: https://prometheus-community.github.io/helm-charts
  version: 3.3.1
- name: prometheus-node-exporter
  repository: https://prometheus-community.github.io/helm-charts
  version: 1.18.2
- name: grafana
  repository: https://grafana.github.io/helm-charts
  version: 6.13.6
digest: sha256:c67fafee638b4f1e01bdc02b21378948b65e4d3c1f94d96de0d3947d5b38a869
generated: "2021-07-01T20:36:29.336400866Z"
